// !$*UTF8*$!
{
	archiveVersion = 1;
	classes = {
	};
	objectVersion = 48;
	objects = {

/* Begin PBXBuildFile section */
		9F81F25B211BE1010008374A /* AppDelegate.m in Sources */ = {isa = PBXBuildFile; fileRef = 9F81F25A211BE1010008374A /* AppDelegate.m */; };
		9F81F25E211BE1010008374A /* ViewController.m in Sources */ = {isa = PBXBuildFile; fileRef = 9F81F25D211BE1010008374A /* ViewController.m */; };
		9F81F261211BE1010008374A /* Main.storyboard in Resources */ = {isa = PBXBuildFile; fileRef = 9F81F25F211BE1010008374A /* Main.storyboard */; };
		9F81F263211BE1010008374A /* Assets.xcassets in Resources */ = {isa = PBXBuildFile; fileRef = 9F81F262211BE1010008374A /* Assets.xcassets */; };
		9F81F266211BE1010008374A /* LaunchScreen.storyboard in Resources */ = {isa = PBXBuildFile; fileRef = 9F81F264211BE1010008374A /* LaunchScreen.storyboard */; };
		9F81F269211BE1010008374A /* main.m in Sources */ = {isa = PBXBuildFile; fileRef = 9F81F268211BE1010008374A /* main.m */; };
		9F81F274211BE1840008374A /* DetailVC.m in Sources */ = {isa = PBXBuildFile; fileRef = 9F81F273211BE1840008374A /* DetailVC.m */; };
		9F81F278211BE1FC0008374A /* CollectionViewCell.m in Sources */ = {isa = PBXBuildFile; fileRef = 9F81F276211BE1FC0008374A /* CollectionViewCell.m */; };
		9F81F27D211C0EE50008374A /* NavigationAnimation.m in Sources */ = {isa = PBXBuildFile; fileRef = 9F81F27C211C0EE50008374A /* NavigationAnimation.m */; };
		9FFED5AF211C214B009CF5C1 /* NavigationPopAnimation.m in Sources */ = {isa = PBXBuildFile; fileRef = 9FFED5AE211C214B009CF5C1 /* NavigationPopAnimation.m */; };
/* End PBXBuildFile section */

/* Begin PBXFileReference section */
		9F81F256211BE1010008374A /* PresentAnimation.app */ = {isa = PBXFileReference; explicitFileType = wrapper.application; includeInIndex = 0; path = PresentAnimation.app; sourceTree = BUILT_PRODUCTS_DIR; };
		9F81F259211BE1010008374A /* AppDelegate.h */ = {isa = PBXFileReference; lastKnownFileType = sourcecode.c.h; path = AppDelegate.h; sourceTree = "<group>"; };
		9F81F25A211BE1010008374A /* AppDelegate.m */ = {isa = PBXFileReference; lastKnownFileType = sourcecode.c.objc; path = AppDelegate.m; sourceTree = "<group>"; };
		9F81F25C211BE1010008374A /* ViewController.h */ = {isa = PBXFileReference; lastKnownFileType = sourcecode.c.h; path = ViewController.h; sourceTree = "<group>"; };
		9F81F25D211BE1010008374A /* ViewController.m */ = {isa = PBXFileReference; lastKnownFileType = sourcecode.c.objc; path = ViewController.m; sourceTree = "<group>"; };
		9F81F260211BE1010008374A /* Base */ = {isa = PBXFileReference; lastKnownFileType = file.storyboard; name = Base; path = Base.lproj/Main.storyboard; sourceTree = "<group>"; };
		9F81F262211BE1010008374A /* Assets.xcassets */ = {isa = PBXFileReference; lastKnownFileType = folder.assetcatalog; path = Assets.xcassets; sourceTree = "<group>"; };
		9F81F265211BE1010008374A /* Base */ = {isa = PBXFileReference; lastKnownFileType = file.storyboard; name = Base; path = Base.lproj/LaunchScreen.storyboard; sourceTree = "<group>"; };
		9F81F267211BE1010008374A /* Info.plist */ = {isa = PBXFileReference; lastKnownFileType = text.plist.xml; path = Info.plist; sourceTree = "<group>"; };
		9F81F268211BE1010008374A /* main.m */ = {isa = PBXFileReference; lastKnownFileType = sourcecode.c.objc; path = main.m; sourceTree = "<group>"; };
		9F81F272211BE1840008374A /* DetailVC.h */ = {isa = PBXFileReference; lastKnownFileType = sourcecode.c.h; path = DetailVC.h; sourceTree = "<group>"; };
		9F81F273211BE1840008374A /* DetailVC.m */ = {isa = PBXFileReference; lastKnownFileType = sourcecode.c.objc; path = DetailVC.m; sourceTree = "<group>"; };
		9F81F275211BE1FC0008374A /* CollectionViewCell.h */ = {isa = PBXFileReference; lastKnownFileType = sourcecode.c.h; path = CollectionViewCell.h; sourceTree = "<group>"; };
		9F81F276211BE1FC0008374A /* CollectionViewCell.m */ = {isa = PBXFileReference; lastKnownFileType = sourcecode.c.objc; path = CollectionViewCell.m; sourceTree = "<group>"; };
		9F81F27B211C0EE50008374A /* NavigationAnimation.h */ = {isa = PBXFileReference; lastKnownFileType = sourcecode.c.h; path = NavigationAnimation.h; sourceTree = "<group>"; };
		9F81F27C211C0EE50008374A /* NavigationAnimation.m */ = {isa = PBXFileReference; lastKnownFileType = sourcecode.c.objc; path = NavigationAnimation.m; sourceTree = "<group>"; };
		9FFED5AD211C214B009CF5C1 /* NavigationPopAnimation.h */ = {isa = PBXFileReference; lastKnownFileType = sourcecode.c.h; path = NavigationPopAnimation.h; sourceTree = "<group>"; };
		9FFED5AE211C214B009CF5C1 /* NavigationPopAnimation.m */ = {isa = PBXFileReference; lastKnownFileType = sourcecode.c.objc; path = NavigationPopAnimation.m; sourceTree = "<group>"; };
/* End PBXFileReference section */

/* Begin PBXFrameworksBuildPhase section */
		9F81F253211BE1010008374A /* Frameworks */ = {
			isa = PBXFrameworksBuildPhase;
			buildActionMask = 2147483647;
			files = (
			);
			runOnlyForDeploymentPostprocessing = 0;
		};
/* End PBXFrameworksBuildPhase section */

/* Begin PBXGroup section */
		9F81F24D211BE1010008374A = {
			isa = PBXGroup;
			children = (
				9F81F258211BE1010008374A /* PresentAnimation */,
				9F81F257211BE1010008374A /* Products */,
			);
			sourceTree = "<group>";
		};
		9F81F257211BE1010008374A /* Products */ = {
			isa = PBXGroup;
			children = (
				9F81F256211BE1010008374A /* PresentAnimation.app */,
			);
			name = Products;
			sourceTree = "<group>";
		};
		9F81F258211BE1010008374A /* PresentAnimation */ = {
			isa = PBXGroup;
			children = (
				9F81F259211BE1010008374A /* AppDelegate.h */,
				9F81F25A211BE1010008374A /* AppDelegate.m */,
				9F81F25C211BE1010008374A /* ViewController.h */,
				9F81F25D211BE1010008374A /* ViewController.m */,
				9F81F272211BE1840008374A /* DetailVC.h */,
				9F81F273211BE1840008374A /* DetailVC.m */,
				9F81F275211BE1FC0008374A /* CollectionViewCell.h */,
				9F81F276211BE1FC0008374A /* CollectionViewCell.m */,
				9F81F27A211C0EC70008374A /* Animation */,
				9F81F25F211BE1010008374A /* Main.storyboard */,
				9F81F262211BE1010008374A /* Assets.xcassets */,
				9F81F264211BE1010008374A /* LaunchScreen.storyboard */,
				9F81F267211BE1010008374A /* Info.plist */,
				9F81F268211BE1010008374A /* main.m */,
			);
			path = PresentAnimation;
			sourceTree = "<group>";
		};
		9F81F27A211C0EC70008374A /* Animation */ = {
			isa = PBXGroup;
			children = (
				9F81F27B211C0EE50008374A /* NavigationAnimation.h */,
				9F81F27C211C0EE50008374A /* NavigationAnimation.m */,
				9FFED5AD211C214B009CF5C1 /* NavigationPopAnimation.h */,
				9FFED5AE211C214B009CF5C1 /* NavigationPopAnimation.m */,
			);
			path = Animation;
			sourceTree = "<group>";
		};
/* End PBXGroup section */

/* Begin PBXNativeTarget section */
		9F81F255211BE1010008374A /* PresentAnimation */ = {
			isa = PBXNativeTarget;
			buildConfigurationList = 9F81F26C211BE1010008374A /* Build configuration list for PBXNativeTarget "PresentAnimation" */;
			buildPhases = (
				9F81F252211BE1010008374A /* Sources */,
				9F81F253211BE1010008374A /* Frameworks */,
				9F81F254211BE1010008374A /* Resources */,
			);
			buildRules = (
			);
			dependencies = (
			);
			name = PresentAnimation;
			productName = PresentAnimation;
			productReference = 9F81F256211BE1010008374A /* PresentAnimation.app */;
			productType = "com.apple.product-type.application";
		};
/* End PBXNativeTarget section */

/* Begin PBXProject section */
		9F81F24E211BE1010008374A /* Project object */ = {
			isa = PBXProject;
			attributes = {
				LastUpgradeCheck = 0920;
				ORGANIZATIONNAME = Peyton;
				TargetAttributes = {
					9F81F255211BE1010008374A = {
						CreatedOnToolsVersion = 9.2;
						ProvisioningStyle = Automatic;
					};
				};
			};
			buildConfigurationList = 9F81F251211BE1010008374A /* Build configuration list for PBXProject "PresentAnimation" */;
			compatibilityVersion = "Xcode 8.0";
			developmentRegion = en;
			hasScannedForEncodings = 0;
			knownRegions = (
				en,
				Base,
			);
			mainGroup = 9F81F24D211BE1010008374A;
			productRefGroup = 9F81F257211BE1010008374A /* Products */;
			projectDirPath = "";
			projectRoot = "";
			targets = (
				9F81F255211BE1010008374A /* PresentAnimation */,
			);
		};
/* End PBXProject section */

/* Begin PBXResourcesBuildPhase section */
		9F81F254211BE1010008374A /* Resources */ = {
			isa = PBXResourcesBuildPhase;
			buildActionMask = 2147483647;
			files = (
				9F81F266211BE1010008374A /* LaunchScreen.storyboard in Resources */,
				9F81F263211BE1010008374A /* Assets.xcassets in Resources */,
				9F81F261211BE1010008374A /* Main.storyboard in Resources */,
			);
			runOnlyForDeploymentPostprocessing = 0;
		};
/* End PBXResourcesBuildPhase section */

/* Begin PBXSourcesBuildPhase section */
		9F81F252211BE1010008374A /* Sources */ = {
			isa = PBXSourcesBuildPhase;
			buildActionMask = 2147483647;
			files = (
				9F81F25E211BE1010008374A /* ViewController.m in Sources */,
				9F81F278211BE1FC0008374A /* CollectionViewCell.m in Sources */,
				9F81F274211BE1840008374A /* DetailVC.m in Sources */,
				9F81F269211BE1010008374A /* main.m in Sources */,
				9F81F27D211C0EE50008374A /* NavigationAnimation.m in Sources */,
				9F81F25B211BE1010008374A /* AppDelegate.m in Sources */,
				9FFED5AF211C214B009CF5C1 /* NavigationPopAnimation.m in Sources */,
			);
			runOnlyForDeploymentPostprocessing = 0;
		};
/* End PBXSourcesBuildPhase section */

/* Begin PBXVariantGroup section */
		9F81F25F211BE1010008374A /* Main.storyboard */ = {
			isa = PBXVariantGroup;
			children = (
				9F81F260211BE1010008374A /* Base */,
			);
			name = Main.storyboard;
			sourceTree = "<group>";
		};
		9F81F264211BE1010008374A /* LaunchScreen.storyboard */ = {
			isa = PBXVariantGroup;
			children = (
				9F81F265211BE1010008374A /* Base */,
			);
			name = LaunchScreen.storyboard;
			sourceTree = "<group>";
		};
/* End PBXVariantGroup section */

/* Begin XCBuildConfiguration section */
		9F81F26A211BE1010008374A /* Debug */ = {
			isa = XCBuildConfiguration;
			buildSettings = {
				ALWAYS_SEARCH_USER_PATHS = NO;
				CLANG_ANALYZER_NONNULL = YES;
				CLANG_ANALYZER_NUMBER_OBJECT_CONVERSION = YES_AGGRESSIVE;
				CLANG_CXX_LANGUAGE_STANDARD = "gnu++14";
				CLANG_CXX_LIBRARY = "libc++";
				CLANG_ENABLE_MODULES = YES;
				CLANG_ENABLE_OBJC_ARC = YES;
				CLANG_WARN_BLOCK_CAPTURE_AUTORELEASING = YES;
				CLANG_WARN_BOOL_CONVERSION = YES;
				CLANG_WARN_COMMA = YES;
				CLANG_WARN_CONSTANT_CONVERSION = YES;
				CLANG_WARN_DIRECT_OBJC_ISA_USAGE = YES_ERROR;
				CLANG_WARN_DOCUMENTATION_COMMENTS = YES;
				CLANG_WARN_EMPTY_BODY = YES;
				CLANG_WARN_ENUM_CONVERSION = YES;
				CLANG_WARN_INFINITE_RECURSION = YES;
				CLANG_WARN_INT_CONVERSION = YES;
				CLANG_WARN_NON_LITERAL_NULL_CONVERSION = YES;
				CLANG_WARN_OBJC_LITERAL_CONVERSION = YES;
				CLANG_WARN_OBJC_ROOT_CLASS = YES_ERROR;
				CLANG_WARN_RANGE_LOOP_ANALYSIS = YES;
				CLANG_WARN_STRICT_PROTOTYPES = YES;
				CLANG_WARN_SUSPICIOUS_MOVE = YES;
				CLANG_WARN_UNGUARDED_AVAILABILITY = YES_AGGRESSIVE;
				CLANG_WARN_UNREACHABLE_CODE = YES;
				CLANG_WARN__DUPLICATE_METHOD_MATCH = YES;
				CODE_SIGN_IDENTITY = "iPhone Developer";
				COPY_PHASE_STRIP = NO;
				DEBUG_INFORMATION_FORMAT = dwarf;
				ENABLE_STRICT_OBJC_MSGSEND = YES;
				ENABLE_TESTABILITY = YES;
				GCC_C_LANGUAGE_STANDARD = gnu11;
				GCC_DYNAMIC_NO_PIC = NO;
				GCC_NO_COMMON_BLOCKS = YES;
				GCC_OPTIMIZATION_LEVEL = 0;
				GCC_PREPROCESSOR_DEFINITIONS = (
					"DEBUG=1",
					"$(inherited)",
				);
				GCC_WARN_64_TO_32_BIT_CONVERSION = YES;
				GCC_WARN_ABOUT_RETURN_TYPE = YES_ERROR;
				GCC_WARN_UNDECLARED_SELECTOR = YES;
				GCC_WARN_UNINITIALIZED_AUTOS = YES_AGGRESSIVE;
				GCC_WARN_UNUSED_FUNCTION = YES;
				GCC_WARN_UNUSED_VARIABLE = YES;
				IPHONEOS_DEPLOYMENT_TARGET = 11.2;
				MTL_ENABLE_DEBUG_INFO = YES;
				ONLY_ACTIVE_ARCH = YES;
				SDKROOT = iphoneos;
			};
			name = Debug;
		};
		9F81F26B211BE1010008374A /* Release */ = {
			isa = XCBuildConfiguration;
			buildSettings = {
				ALWAYS_SEARCH_USER_PATHS = NO;
				CLANG_ANALYZER_NONNULL = YES;
				CLANG_ANALYZER_NUMBER_OBJECT_CONVERSION = YES_AGGRESSIVE;
				CLANG_CXX_LANGUAGE_STANDARD = "gnu++14";
				CLANG_CXX_LIBRARY = "libc++";
				CLANG_ENABLE_MODULES = YES;
				CLANG_ENABLE_OBJC_ARC = YES;
				CLANG_WARN_BLOCK_CAPTURE_AUTORELEASING = YES;
				CLANG_WARN_BOOL_CONVERSION = YES;
				CLANG_WARN_COMMA = YES;
				CLANG_WARN_CONSTANT_CONVERSION = YES;
				CLANG_WARN_DIRECT_OBJC_ISA_USAGE = YES_ERROR;
				CLANG_WARN_DOCUMENTATION_COMMENTS = YES;
				CLANG_WARN_EMPTY_BODY = YES;
				CLANG_WARN_ENUM_CONVERSION = YES;
				CLANG_WARN_INFINITE_RECURSION = YES;
				CLANG_WARN_INT_CONVERSION = YES;
				CLANG_WARN_NON_LITERAL_NULL_CONVERSION = YES;
				CLANG_WARN_OBJC_LITERAL_CONVERSION = YES;
				CLANG_WARN_OBJC_ROOT_CLASS = YES_ERROR;
				CLANG_WARN_RANGE_LOOP_ANALYSIS = YES;
				CLANG_WARN_STRICT_PROTOTYPES = YES;
				CLANG_WARN_SUSPICIOUS_MOVE = YES;
				CLANG_WARN_UNGUARDED_AVAILABILITY = YES_AGGRESSIVE;
				CLANG_WARN_UNREACHABLE_CODE = YES;
				CLANG_WARN__DUPLICATE_METHOD_MATCH = YES;
				CODE_SIGN_IDENTITY = "iPhone Developer";
				COPY_PHASE_STRIP = NO;
				DEBUG_INFORMATION_FORMAT = "dwarf-with-dsym";
				ENABLE_NS_ASSERTIONS = NO;
				ENABLE_STRICT_OBJC_MSGSEND = YES;
				GCC_C_LANGUAGE_STANDARD = gnu11;
				GCC_NO_COMMON_BLOCKS = YES;
				GCC_WARN_64_TO_32_BIT_CONVERSION = YES;
				GCC_WARN_ABOUT_RETURN_TYPE = YES_ERROR;
				GCC_WARN_UNDECLARED_SELECTOR = YES;
				GCC_WARN_UNINITIALIZED_AUTOS = YES_AGGRESSIVE;
				GCC_WARN_UNUSED_FUNCTION = YES;
				GCC_WARN_UNUSED_VARIABLE = YES;
				IPHONEOS_DEPLOYMENT_TARGET = 11.2;
				MTL_ENABLE_DEBUG_INFO = NO;
				SDKROOT = iphoneos;
				VALIDATE_PRODUCT = YES;
			};
			name = Release;
		};
		9F81F26D211BE1010008374A /* Debug */ = {
			isa = XCBuildConfiguration;
			buildSettings = {
				ASSETCATALOG_COMPILER_APPICON_NAME = AppIcon;
				CODE_SIGN_STYLE = Automatic;
				DEVELOPMENT_TEAM = 47A3N54MRY;
				INFOPLIST_FILE = PresentAnimation/Info.plist;
				IPHONEOS_DEPLOYMENT_TARGET = 9.0;
				LD_RUNPATH_SEARCH_PATHS = "$(inherited) @executable_path/Frameworks";
				PRODUCT_BUNDLE_IDENTIFIER = com.Peyton.PresentAnimation;
				PRODUCT_NAME = "$(TARGET_NAME)";
				TARGETED_DEVICE_FAMILY = "1,2";
			};
			name = Debug;
		};
		9F81F26E211BE1010008374A /* Release */ = {
			isa = XCBuildConfiguration;
			buildSettings = {
				ASSETCATALOG_COMPILER_APPICON_NAME = AppIcon;
				CODE_SIGN_STYLE = Automatic;
				DEVELOPMENT_TEAM = 47A3N54MRY;
				INFOPLIST_FILE = PresentAnimation/Info.plist;
				IPHONEOS_DEPLOYMENT_TARGET = 9.0;
				LD_RUNPATH_SEARCH_PATHS = "$(inherited) @executable_path/Frameworks";
				PRODUCT_BUNDLE_IDENTIFIER = com.Peyton.PresentAnimation;
				PRODUCT_NAME = "$(TARGET_NAME)";
				TARGETED_DEVICE_FAMILY = "1,2";
			};
			name = Release;
		};
/* End XCBuildConfiguration section */

/* Begin XCConfigurationList section */
		9F81F251211BE1010008374A /* Build configuration list for PBXProject "PresentAnimation" */ = {
			isa = XCConfigurationList;
			buildConfigurations = (
				9F81F26A211BE1010008374A /* Debug */,
				9F81F26B211BE1010008374A /* Release */,
			);
			defaultConfigurationIsVisible = 0;
			defaultConfigurationName = Release;
		};
		9F81F26C211BE1010008374A /* Build configuration list for PBXNativeTarget "PresentAnimation" */ = {
			isa = XCConfigurationList;
			buildConfigurations = (
				9F81F26D211BE1010008374A /* Debug */,
				9F81F26E211BE1010008374A /* Release */,
			);
			defaultConfigurationIsVisible = 0;
			defaultConfigurationName = Release;
		};
/* End XCConfigurationList section */
	};
	rootObject = 9F81F24E211BE1010008374A /* Project object */;
}
